
Microsoft Visual Studio Solution File, Format Version 12.00
# Visual Studio Version 17
VisualStudioVersion = 17.11.35303.130
MinimumVisualStudioVersion = 10.0.40219.1
Project("{FAE04EC0-301F-11D3-BF4B-00C04F79EFBC}") = "AmobaWPF", "AmobaWPF.csproj", "{EAF461D1-FCA5-41A4-98B2-A9998A4CC958}"
EndProject
Global
	GlobalSection(SolutionConfigurationPlatforms) = preSolution
		Debug|Any CPU = Debug|Any CPU
		Release|Any CPU = Release|Any CPU
	EndGlobalSection
	GlobalSection(ProjectConfigurationPlatforms) = postSolution
		{EAF461D1-FCA5-41A4-98B2-A9998A4CC958}.Debug|Any CPU.ActiveCfg = Debug|Any CPU
		{EAF461D1-FCA5-41A4-98B2-A9998A4CC958}.Debug|Any CPU.Build.0 = Debug|Any CPU
		{EAF461D1-FCA5-41A4-98B2-A9998A4CC958}.Release|Any CPU.ActiveCfg = Release|Any CPU
		{EAF461D1-FCA5-41A4-98B2-A9998A4CC958}.Release|Any CPU.Build.0 = Release|Any CPU
	EndGlobalSection
	GlobalSection(SolutionProperties) = preSolution
		HideSolutionNode = FALSE
	EndGlobalSection
	GlobalSection(ExtensibilityGlobals) = postSolution
		SolutionGuid = {704C3299-6F0C-4D42-846C-6479DCB6BF26}
	EndGlobalSection
EndGlobal
